{
  "name": "@whatwg-http-server/core",
  "version": "0.1.4",
  "lockfileVersion": 1,
  "requires": true,
  "dependencies": {
    "ts-advanced-types": {
      "version": "1.0.0",
      "resolved": "https://registry.npmjs.org/ts-advanced-types/-/ts-advanced-types-1.0.0.tgz",
      "integrity": "sha512-FmGdfvBgcwKc4fwC5J0Uuo+HNj/4XrhVD+NM6W0uT26zsgHGXI9H+y5Esmvlvb0HflntcT9IyPdvueE1ew+TGQ=="
    }
  }
}
